github.com/joho/godotenv v1.4.0 h1:3l4+N6zfMWnkbPEXKng2o2/MR5mSwTrBih4ZEkkz1lg=
github.com/joho/godotenv v1.4.0/go.mod h1:f4LDr5Voq0i2e/R5DDNOoa2zzDfwtkZa6DnEwAbqwq4=
github.com/michimani/gotwi v0.10.0 h1:CdIJcgYkF30EX+z3LQ0tyH7GgrkNhRyHBK/SkHUEYxg=
github.com/michimani/gotwi v0.10.0/go.mod h1:i58CQv4Jwo3WbALJGvQJoxOeN+ujPipPOSvf3FGLxLM=
